Microsoft Visual Studio Solution File, Format Version 12.00
# Visual Studio Version 17
VisualStudioVersion = 17.5.2.0
MinimumVisualStudioVersion = 10.0.40219.1
Project("{FAE04EC0-301F-11D3-BF4B-00C04F79EFBC}") = "csharp-wwtime-mcp-server", "csharp-wwtime-mcp-server.csproj", "{9A55272E-6882-06D1-572E-D237D4EA0DC7}"
EndProject
Global
	GlobalSection(SolutionConfigurationPlatforms) = preSolution
		Debug|Any CPU = Debug|Any CPU
		Release|Any CPU = Release|Any CPU
	EndGlobalSection
	GlobalSection(ProjectConfigurationPlatforms) = postSolution
		{9A55272E-6882-06D1-572E-D237D4EA0DC7}.Debug|Any CPU.ActiveCfg = Debug|Any CPU
		{9A55272E-6882-06D1-572E-D237D4EA0DC7}.Debug|Any CPU.Build.0 = Debug|Any CPU
		{9A55272E-6882-06D1-572E-D237D4EA0DC7}.Release|Any CPU.ActiveCfg = Release|Any CPU
		{9A55272E-6882-06D1-572E-D237D4EA0DC7}.Release|Any CPU.Build.0 = Release|Any CPU
	EndGlobalSection
	GlobalSection(SolutionProperties) = preSolution
		HideSolutionNode = FALSE
	EndGlobalSection
	GlobalSection(ExtensibilityGlobals) = postSolution
		SolutionGuid = {7DC3220E-0C35-4726-9C06-8F1492E9D663}
	EndGlobalSection
EndGlobal
