Microsoft Visual Studio Solution File, Format Version 12.00
# Visual Studio Version 17
VisualStudioVersion = 17.5.2.0
MinimumVisualStudioVersion = 10.0.40219.1
Project("{FAE04EC0-301F-11D3-BF4B-00C04F79EFBC}") = "orchestration-agent-sk-mcp-csharp", "orchestration-agent-sk-mcp-csharp.csproj", "{B44C0ABC-96CF-559D-D83C-F055E1834D54}"
EndProject
Global
	GlobalSection(SolutionConfigurationPlatforms) = preSolution
		Debug|Any CPU = Debug|Any CPU
		Release|Any CPU = Release|Any CPU
	EndGlobalSection
	GlobalSection(ProjectConfigurationPlatforms) = postSolution
		{B44C0ABC-96CF-559D-D83C-F055E1834D54}.Debug|Any CPU.ActiveCfg = Debug|Any CPU
		{B44C0ABC-96CF-559D-D83C-F055E1834D54}.Debug|Any CPU.Build.0 = Debug|Any CPU
		{B44C0ABC-96CF-559D-D83C-F055E1834D54}.Release|Any CPU.ActiveCfg = Release|Any CPU
		{B44C0ABC-96CF-559D-D83C-F055E1834D54}.Release|Any CPU.Build.0 = Release|Any CPU
	EndGlobalSection
	GlobalSection(SolutionProperties) = preSolution
		HideSolutionNode = FALSE
	EndGlobalSection
	GlobalSection(ExtensibilityGlobals) = postSolution
		SolutionGuid = {5484F368-D881-48C0-99F3-3CAF4631A7BF}
	EndGlobalSection
EndGlobal
