
Microsoft Visual Studio Solution File, Format Version 12.00
# Visual Studio Version 17
VisualStudioVersion = 17.5.2.0
MinimumVisualStudioVersion = 10.0.40219.1
Project("{FAE04EC0-301F-11D3-BF4B-00C04F79EFBC}") = "agent-step-1-sk-mcp-csharp", "agent-step-1-sk-mcp-csharp\agent-step-1-sk-mcp-csharp.csproj", "{CD76F056-D552-1644-7D12-FE98E540217E}"
EndProject
Project("{FAE04EC0-301F-11D3-BF4B-00C04F79EFBC}") = "orchestration-agent-sk-mcp-csharp", "orchestration-agent-sk-mcp-csharp\orchestration-agent-sk-mcp-csharp.csproj", "{F1978CBE-3526-8C92-38C9-C1F6737923B8}"
EndProject
Project("{FAE04EC0-301F-11D3-BF4B-00C04F79EFBC}") = "agent-step-1-sk-mcp-csharp.Tests", "Tests\agent-step-1-sk-mcp-csharp.Tests\agent-step-1-sk-mcp-csharp.Tests.csproj", "{AAF4D594-7BCD-4F43-BED2-8598C0B98456}"
EndProject
Global
	GlobalSection(SolutionConfigurationPlatforms) = preSolution
		Debug|Any CPU = Debug|Any CPU
		Debug|x64 = Debug|x64
		Debug|x86 = Debug|x86
		Release|Any CPU = Release|Any CPU
		Release|x64 = Release|x64
		Release|x86 = Release|x86
	EndGlobalSection
	GlobalSection(ProjectConfigurationPlatforms) = postSolution
		{CD76F056-D552-1644-7D12-FE98E540217E}.Debug|Any CPU.ActiveCfg = Debug|Any CPU
		{CD76F056-D552-1644-7D12-FE98E540217E}.Debug|Any CPU.Build.0 = Debug|Any CPU
		{CD76F056-D552-1644-7D12-FE98E540217E}.Debug|x64.ActiveCfg = Debug|Any CPU
		{CD76F056-D552-1644-7D12-FE98E540217E}.Debug|x64.Build.0 = Debug|Any CPU
		{CD76F056-D552-1644-7D12-FE98E540217E}.Debug|x86.ActiveCfg = Debug|Any CPU
		{CD76F056-D552-1644-7D12-FE98E540217E}.Debug|x86.Build.0 = Debug|Any CPU
		{CD76F056-D552-1644-7D12-FE98E540217E}.Release|Any CPU.ActiveCfg = Release|Any CPU
		{CD76F056-D552-1644-7D12-FE98E540217E}.Release|Any CPU.Build.0 = Release|Any CPU
		{CD76F056-D552-1644-7D12-FE98E540217E}.Release|x64.ActiveCfg = Release|Any CPU
		{CD76F056-D552-1644-7D12-FE98E540217E}.Release|x64.Build.0 = Release|Any CPU
		{CD76F056-D552-1644-7D12-FE98E540217E}.Release|x86.ActiveCfg = Release|Any CPU
		{CD76F056-D552-1644-7D12-FE98E540217E}.Release|x86.Build.0 = Release|Any CPU
		{F1978CBE-3526-8C92-38C9-C1F6737923B8}.Debug|Any CPU.ActiveCfg = Debug|Any CPU
		{F1978CBE-3526-8C92-38C9-C1F6737923B8}.Debug|Any CPU.Build.0 = Debug|Any CPU
		{F1978CBE-3526-8C92-38C9-C1F6737923B8}.Debug|x64.ActiveCfg = Debug|Any CPU
		{F1978CBE-3526-8C92-38C9-C1F6737923B8}.Debug|x64.Build.0 = Debug|Any CPU
		{F1978CBE-3526-8C92-38C9-C1F6737923B8}.Debug|x86.ActiveCfg = Debug|Any CPU
		{F1978CBE-3526-8C92-38C9-C1F6737923B8}.Debug|x86.Build.0 = Debug|Any CPU
		{F1978CBE-3526-8C92-38C9-C1F6737923B8}.Release|Any CPU.ActiveCfg = Release|Any CPU
		{F1978CBE-3526-8C92-38C9-C1F6737923B8}.Release|Any CPU.Build.0 = Release|Any CPU
		{F1978CBE-3526-8C92-38C9-C1F6737923B8}.Release|x64.ActiveCfg = Release|Any CPU
		{F1978CBE-3526-8C92-38C9-C1F6737923B8}.Release|x64.Build.0 = Release|Any CPU
		{F1978CBE-3526-8C92-38C9-C1F6737923B8}.Release|x86.ActiveCfg = Release|Any CPU
		{F1978CBE-3526-8C92-38C9-C1F6737923B8}.Release|x86.Build.0 = Release|Any CPU
		{AAF4D594-7BCD-4F43-BED2-8598C0B98456}.Debug|Any CPU.ActiveCfg = Debug|Any CPU
		{AAF4D594-7BCD-4F43-BED2-8598C0B98456}.Debug|Any CPU.Build.0 = Debug|Any CPU
		{AAF4D594-7BCD-4F43-BED2-8598C0B98456}.Debug|x64.ActiveCfg = Debug|Any CPU
		{AAF4D594-7BCD-4F43-BED2-8598C0B98456}.Debug|x64.Build.0 = Debug|Any CPU
		{AAF4D594-7BCD-4F43-BED2-8598C0B98456}.Debug|x86.ActiveCfg = Debug|Any CPU
		{AAF4D594-7BCD-4F43-BED2-8598C0B98456}.Debug|x86.Build.0 = Debug|Any CPU
		{AAF4D594-7BCD-4F43-BED2-8598C0B98456}.Release|Any CPU.ActiveCfg = Release|Any CPU
		{AAF4D594-7BCD-4F43-BED2-8598C0B98456}.Release|Any CPU.Build.0 = Release|Any CPU
		{AAF4D594-7BCD-4F43-BED2-8598C0B98456}.Release|x64.ActiveCfg = Release|Any CPU
		{AAF4D594-7BCD-4F43-BED2-8598C0B98456}.Release|x64.Build.0 = Release|Any CPU
		{AAF4D594-7BCD-4F43-BED2-8598C0B98456}.Release|x86.ActiveCfg = Release|Any CPU
		{AAF4D594-7BCD-4F43-BED2-8598C0B98456}.Release|x86.Build.0 = Release|Any CPU
	EndGlobalSection
	GlobalSection(SolutionProperties) = preSolution
		HideSolutionNode = FALSE
	EndGlobalSection
	GlobalSection(ExtensibilityGlobals) = postSolution
		SolutionGuid = {953E4E80-B635-4411-89D2-BB673353B183}
	EndGlobalSection
EndGlobal
